
Microsoft Visual Studio Solution File, Format Version 12.00
# Visual Studio Version 16
VisualStudioVersion = 16.0.30225.117
MinimumVisualStudioVersion = 10.0.40219.1
Project("{FAE04EC0-301F-11D3-BF4B-00C04F79EFBC}") = "TCE Tools", "TCE Tools\TCE Tools.csproj", "{19BD1E66-85D6-4501-A48A-1AEF6D279E1D}"
EndProject
Global
	GlobalSection(SolutionConfigurationPlatforms) = preSolution
		Debug|Any CPU = Debug|Any CPU
		Release|Any CPU = Release|Any CPU
	EndGlobalSection
	GlobalSection(ProjectConfigurationPlatforms) = postSolution
		{19BD1E66-85D6-4501-A48A-1AEF6D279E1D}.Debug|Any CPU.ActiveCfg = Debug|Any CPU
		{19BD1E66-85D6-4501-A48A-1AEF6D279E1D}.Debug|Any CPU.Build.0 = Debug|Any CPU
		{19BD1E66-85D6-4501-A48A-1AEF6D279E1D}.Release|Any CPU.ActiveCfg = Release|Any CPU
		{19BD1E66-85D6-4501-A48A-1AEF6D279E1D}.Release|Any CPU.Build.0 = Release|Any CPU
	EndGlobalSection
	GlobalSection(SolutionProperties) = preSolution
		HideSolutionNode = FALSE
	EndGlobalSection
	GlobalSection(ExtensibilityGlobals) = postSolution
		SolutionGuid = {7D28632B-2AE5-4CE5-B1E7-BBFCA677E8BC}
	EndGlobalSection
EndGlobal
